
Microsoft Visual Studio Solution File, Format Version 12.00
# Visual Studio Version 17
VisualStudioVersion = 17.11.35312.102
MinimumVisualStudioVersion = 10.0.40219.1
Project("{FAE04EC0-301F-11D3-BF4B-00C04F79EFBC}") = "ms-employee-user-portal", "ms-employee-user-portal\ms-employee-user-portal.csproj", "{B881CA58-7356-4051-B602-8FFEC9F338C7}"
EndProject
Global
	GlobalSection(SolutionConfigurationPlatforms) = preSolution
		Debug|Any CPU = Debug|Any CPU
		Release|Any CPU = Release|Any CPU
	EndGlobalSection
	GlobalSection(ProjectConfigurationPlatforms) = postSolution
		{B881CA58-7356-4051-B602-8FFEC9F338C7}.Debug|Any CPU.ActiveCfg = Debug|Any CPU
		{B881CA58-7356-4051-B602-8FFEC9F338C7}.Debug|Any CPU.Build.0 = Debug|Any CPU
		{B881CA58-7356-4051-B602-8FFEC9F338C7}.Release|Any CPU.ActiveCfg = Release|Any CPU
		{B881CA58-7356-4051-B602-8FFEC9F338C7}.Release|Any CPU.Build.0 = Release|Any CPU
	EndGlobalSection
	GlobalSection(SolutionProperties) = preSolution
		HideSolutionNode = FALSE
	EndGlobalSection
	GlobalSection(ExtensibilityGlobals) = postSolution
		SolutionGuid = {6CF92318-55FB-4B3B-8339-8BE8D665B453}
	EndGlobalSection
EndGlobal
